
Microsoft Visual Studio Solution File, Format Version 12.00
# Visual Studio Version 16
VisualStudioVersion = 16.0.31702.278
MinimumVisualStudioVersion = 10.0.40219.1
Project("{2150E333-8FDC-42A3-9474-1A3956D46DE8}") = "Services", "Services", "{7489B6EE-1606-4A0C-A3EE-9CF946C1AD44}"
EndProject
Project("{2150E333-8FDC-42A3-9474-1A3956D46DE8}") = "Hotel", "Hotel", "{19AD1082-1FB8-4046-AC6E-E2C75AD7C8F5}"
EndProject
Project("{FAE04EC0-301F-11D3-BF4B-00C04F79EFBC}") = "Hotel.API", "Services\Hotel\Hotel.API\Hotel.API.csproj", "{B5AEBCD9-B174-4B72-9001-DF045BBAE895}"
EndProject
Project("{E53339B2-1760-4266-BCC7-CA923CBCF16C}") = "docker-compose", "docker-compose.dcproj", "{67072736-8F8B-4085-B78C-3D27C28ABE7B}"
EndProject
Global
	GlobalSection(SolutionConfigurationPlatforms) = preSolution
		Debug|Any CPU = Debug|Any CPU
		Release|Any CPU = Release|Any CPU
	EndGlobalSection
	GlobalSection(ProjectConfigurationPlatforms) = postSolution
		{B5AEBCD9-B174-4B72-9001-DF045BBAE895}.Debug|Any CPU.ActiveCfg = Debug|Any CPU
		{B5AEBCD9-B174-4B72-9001-DF045BBAE895}.Debug|Any CPU.Build.0 = Debug|Any CPU
		{B5AEBCD9-B174-4B72-9001-DF045BBAE895}.Release|Any CPU.ActiveCfg = Release|Any CPU
		{B5AEBCD9-B174-4B72-9001-DF045BBAE895}.Release|Any CPU.Build.0 = Release|Any CPU
		{67072736-8F8B-4085-B78C-3D27C28ABE7B}.Debug|Any CPU.ActiveCfg = Debug|Any CPU
		{67072736-8F8B-4085-B78C-3D27C28ABE7B}.Debug|Any CPU.Build.0 = Debug|Any CPU
		{67072736-8F8B-4085-B78C-3D27C28ABE7B}.Release|Any CPU.ActiveCfg = Release|Any CPU
		{67072736-8F8B-4085-B78C-3D27C28ABE7B}.Release|Any CPU.Build.0 = Release|Any CPU
	EndGlobalSection
	GlobalSection(SolutionProperties) = preSolution
		HideSolutionNode = FALSE
	EndGlobalSection
	GlobalSection(NestedProjects) = preSolution
		{19AD1082-1FB8-4046-AC6E-E2C75AD7C8F5} = {7489B6EE-1606-4A0C-A3EE-9CF946C1AD44}
		{B5AEBCD9-B174-4B72-9001-DF045BBAE895} = {19AD1082-1FB8-4046-AC6E-E2C75AD7C8F5}
	EndGlobalSection
	GlobalSection(ExtensibilityGlobals) = postSolution
		SolutionGuid = {4FCA6F3C-1D72-4A4B-8D33-FBCE8E005881}
	EndGlobalSection
EndGlobal
